
Microsoft Visual Studio Solution File, Format Version 12.00
# Visual Studio Version 16
VisualStudioVersion = 16.0.29920.165
MinimumVisualStudioVersion = 10.0.40219.1
Project("{FAE04EC0-301F-11D3-BF4B-00C04F79EFBC}") = "PEX.AWS", "PEX.AWS.csproj", "{D939D171-E998-4096-B4E2-243DAD48496F}"
EndProject
Global
	GlobalSection(SolutionConfigurationPlatforms) = preSolution
		Debug|Any CPU = Debug|Any CPU
		Release|Any CPU = Release|Any CPU
	EndGlobalSection
	GlobalSection(ProjectConfigurationPlatforms) = postSolution
		{D939D171-E998-4096-B4E2-243DAD48496F}.Debug|Any CPU.ActiveCfg = Debug|Any CPU
		{D939D171-E998-4096-B4E2-243DAD48496F}.Debug|Any CPU.Build.0 = Debug|Any CPU
		{D939D171-E998-4096-B4E2-243DAD48496F}.Release|Any CPU.ActiveCfg = Release|Any CPU
		{D939D171-E998-4096-B4E2-243DAD48496F}.Release|Any CPU.Build.0 = Release|Any CPU
	EndGlobalSection
	GlobalSection(SolutionProperties) = preSolution
		HideSolutionNode = FALSE
	EndGlobalSection
	GlobalSection(ExtensibilityGlobals) = postSolution
		SolutionGuid = {3933A5CF-A962-4CB1-9E3C-151F661F57C4}
	EndGlobalSection
EndGlobal
